
Microsoft Visual Studio Solution File, Format Version 12.00
# Visual Studio Version 17
VisualStudioVersion = 17.8.34316.72
MinimumVisualStudioVersion = 10.0.40219.1
Project("{FAE04EC0-301F-11D3-BF4B-00C04F79EFBC}") = "stratgame", "stratgame\stratgame.csproj", "{B449C92A-6701-404F-A31A-A0C8131EBE7D}"
EndProject
Global
	GlobalSection(SolutionConfigurationPlatforms) = preSolution
		Debug|Any CPU = Debug|Any CPU
		Release|Any CPU = Release|Any CPU
	EndGlobalSection
	GlobalSection(ProjectConfigurationPlatforms) = postSolution
		{B449C92A-6701-404F-A31A-A0C8131EBE7D}.Debug|Any CPU.ActiveCfg = Debug|Any CPU
		{B449C92A-6701-404F-A31A-A0C8131EBE7D}.Debug|Any CPU.Build.0 = Debug|Any CPU
		{B449C92A-6701-404F-A31A-A0C8131EBE7D}.Release|Any CPU.ActiveCfg = Release|Any CPU
		{B449C92A-6701-404F-A31A-A0C8131EBE7D}.Release|Any CPU.Build.0 = Release|Any CPU
	EndGlobalSection
	GlobalSection(SolutionProperties) = preSolution
		HideSolutionNode = FALSE
	EndGlobalSection
	GlobalSection(ExtensibilityGlobals) = postSolution
		SolutionGuid = {3AEA79CF-625E-4052-ADDF-D8D7B26FAF4C}
	EndGlobalSection
EndGlobal
